
Microsoft Visual Studio Solution File, Format Version 12.00
# Visual Studio Version 17
VisualStudioVersion = 17.0.31903.59
MinimumVisualStudioVersion = 10.0.40219.1
Project("{FAE04EC0-301F-11D3-BF4B-00C04F79EFBC}") = "Auth", "Services\Auth\Auth.csproj", "{93BD5B68-8A46-41A3-B24A-567BE9769544}"
EndProject
Project("{2150E333-8FDC-42A3-9474-1A3956D46DE8}") = "Services", "Services", "{CDCF4B65-669A-4D4B-BEB3-05859610B64C}"
EndProject
Project("{FAE04EC0-301F-11D3-BF4B-00C04F79EFBC}") = "Cart", "Services\Cart\Cart.csproj", "{783E6A9B-815F-43E4-8E90-ACF6955A6CF4}"
EndProject
Project("{FAE04EC0-301F-11D3-BF4B-00C04F79EFBC}") = "coupon", "Services\coupon\coupon.csproj", "{30779669-CEC8-4FDD-B627-014E35B1105E}"
EndProject
Project("{FAE04EC0-301F-11D3-BF4B-00C04F79EFBC}") = "product", "Services\product\product.csproj", "{EE46C054-265D-4AD0-8F1B-5296F72CC140}"
EndProject
Project("{FAE04EC0-301F-11D3-BF4B-00C04F79EFBC}") = "orders", "Services\orders\orders.csproj", "{88DCB8A0-6151-460C-B6D1-36F36DAB591D}"
EndProject
Project("{FAE04EC0-301F-11D3-BF4B-00C04F79EFBC}") = "Intergration", "Intergration\Intergration.csproj", "{6E674531-C0A0-46B4-AC64-92DB38BF0574}"
EndProject
Project("{FAE04EC0-301F-11D3-BF4B-00C04F79EFBC}") = "Email", "Services\Email\Email.csproj", "{E7360896-E5A3-46C8-B342-0F78D9655379}"
EndProject
Global
	GlobalSection(SolutionConfigurationPlatforms) = preSolution
		Debug|Any CPU = Debug|Any CPU
		Release|Any CPU = Release|Any CPU
	EndGlobalSection
	GlobalSection(SolutionProperties) = preSolution
		HideSolutionNode = FALSE
	EndGlobalSection
	GlobalSection(ProjectConfigurationPlatforms) = postSolution
		{C2E186C9-420F-4253-96B8-0250449D153E}.Debug|Any CPU.ActiveCfg = Debug|Any CPU
		{C2E186C9-420F-4253-96B8-0250449D153E}.Debug|Any CPU.Build.0 = Debug|Any CPU
		{C2E186C9-420F-4253-96B8-0250449D153E}.Release|Any CPU.ActiveCfg = Release|Any CPU
		{C2E186C9-420F-4253-96B8-0250449D153E}.Release|Any CPU.Build.0 = Release|Any CPU
		{9C95D672-9058-4789-AE2E-CDF6502AE379}.Debug|Any CPU.ActiveCfg = Debug|Any CPU
		{9C95D672-9058-4789-AE2E-CDF6502AE379}.Debug|Any CPU.Build.0 = Debug|Any CPU
		{9C95D672-9058-4789-AE2E-CDF6502AE379}.Release|Any CPU.ActiveCfg = Release|Any CPU
		{9C95D672-9058-4789-AE2E-CDF6502AE379}.Release|Any CPU.Build.0 = Release|Any CPU
		{1EDE5B0D-DC02-4207-99C7-997F215518D5}.Debug|Any CPU.ActiveCfg = Debug|Any CPU
		{1EDE5B0D-DC02-4207-99C7-997F215518D5}.Debug|Any CPU.Build.0 = Debug|Any CPU
		{1EDE5B0D-DC02-4207-99C7-997F215518D5}.Release|Any CPU.ActiveCfg = Release|Any CPU
		{1EDE5B0D-DC02-4207-99C7-997F215518D5}.Release|Any CPU.Build.0 = Release|Any CPU
		{53ECB42D-23CB-46ED-920D-049A5FB7C25C}.Debug|Any CPU.ActiveCfg = Debug|Any CPU
		{53ECB42D-23CB-46ED-920D-049A5FB7C25C}.Debug|Any CPU.Build.0 = Debug|Any CPU
		{53ECB42D-23CB-46ED-920D-049A5FB7C25C}.Release|Any CPU.ActiveCfg = Release|Any CPU
		{53ECB42D-23CB-46ED-920D-049A5FB7C25C}.Release|Any CPU.Build.0 = Release|Any CPU
		{71DFE1CE-8B40-47A1-9D5D-45386A8E3C09}.Debug|Any CPU.ActiveCfg = Debug|Any CPU
		{71DFE1CE-8B40-47A1-9D5D-45386A8E3C09}.Debug|Any CPU.Build.0 = Debug|Any CPU
		{71DFE1CE-8B40-47A1-9D5D-45386A8E3C09}.Release|Any CPU.ActiveCfg = Release|Any CPU
		{71DFE1CE-8B40-47A1-9D5D-45386A8E3C09}.Release|Any CPU.Build.0 = Release|Any CPU
		{93B48002-81F0-46DA-9442-054BCA873D1D}.Debug|Any CPU.ActiveCfg = Debug|Any CPU
		{93B48002-81F0-46DA-9442-054BCA873D1D}.Debug|Any CPU.Build.0 = Debug|Any CPU
		{93B48002-81F0-46DA-9442-054BCA873D1D}.Release|Any CPU.ActiveCfg = Release|Any CPU
		{93B48002-81F0-46DA-9442-054BCA873D1D}.Release|Any CPU.Build.0 = Release|Any CPU
		{93BD5B68-8A46-41A3-B24A-567BE9769544}.Debug|Any CPU.ActiveCfg = Debug|Any CPU
		{93BD5B68-8A46-41A3-B24A-567BE9769544}.Debug|Any CPU.Build.0 = Debug|Any CPU
		{93BD5B68-8A46-41A3-B24A-567BE9769544}.Release|Any CPU.ActiveCfg = Release|Any CPU
		{93BD5B68-8A46-41A3-B24A-567BE9769544}.Release|Any CPU.Build.0 = Release|Any CPU
		{783E6A9B-815F-43E4-8E90-ACF6955A6CF4}.Debug|Any CPU.ActiveCfg = Debug|Any CPU
		{783E6A9B-815F-43E4-8E90-ACF6955A6CF4}.Debug|Any CPU.Build.0 = Debug|Any CPU
		{783E6A9B-815F-43E4-8E90-ACF6955A6CF4}.Release|Any CPU.ActiveCfg = Release|Any CPU
		{783E6A9B-815F-43E4-8E90-ACF6955A6CF4}.Release|Any CPU.Build.0 = Release|Any CPU
		{30779669-CEC8-4FDD-B627-014E35B1105E}.Debug|Any CPU.ActiveCfg = Debug|Any CPU
		{30779669-CEC8-4FDD-B627-014E35B1105E}.Debug|Any CPU.Build.0 = Debug|Any CPU
		{30779669-CEC8-4FDD-B627-014E35B1105E}.Release|Any CPU.ActiveCfg = Release|Any CPU
		{30779669-CEC8-4FDD-B627-014E35B1105E}.Release|Any CPU.Build.0 = Release|Any CPU
		{EE46C054-265D-4AD0-8F1B-5296F72CC140}.Debug|Any CPU.ActiveCfg = Debug|Any CPU
		{EE46C054-265D-4AD0-8F1B-5296F72CC140}.Debug|Any CPU.Build.0 = Debug|Any CPU
		{EE46C054-265D-4AD0-8F1B-5296F72CC140}.Release|Any CPU.ActiveCfg = Release|Any CPU
		{EE46C054-265D-4AD0-8F1B-5296F72CC140}.Release|Any CPU.Build.0 = Release|Any CPU
		{88DCB8A0-6151-460C-B6D1-36F36DAB591D}.Debug|Any CPU.ActiveCfg = Debug|Any CPU
		{88DCB8A0-6151-460C-B6D1-36F36DAB591D}.Debug|Any CPU.Build.0 = Debug|Any CPU
		{88DCB8A0-6151-460C-B6D1-36F36DAB591D}.Release|Any CPU.ActiveCfg = Release|Any CPU
		{88DCB8A0-6151-460C-B6D1-36F36DAB591D}.Release|Any CPU.Build.0 = Release|Any CPU
		{6E674531-C0A0-46B4-AC64-92DB38BF0574}.Debug|Any CPU.ActiveCfg = Debug|Any CPU
		{6E674531-C0A0-46B4-AC64-92DB38BF0574}.Debug|Any CPU.Build.0 = Debug|Any CPU
		{6E674531-C0A0-46B4-AC64-92DB38BF0574}.Release|Any CPU.ActiveCfg = Release|Any CPU
		{6E674531-C0A0-46B4-AC64-92DB38BF0574}.Release|Any CPU.Build.0 = Release|Any CPU
		{E7360896-E5A3-46C8-B342-0F78D9655379}.Debug|Any CPU.ActiveCfg = Debug|Any CPU
		{E7360896-E5A3-46C8-B342-0F78D9655379}.Debug|Any CPU.Build.0 = Debug|Any CPU
		{E7360896-E5A3-46C8-B342-0F78D9655379}.Release|Any CPU.ActiveCfg = Release|Any CPU
		{E7360896-E5A3-46C8-B342-0F78D9655379}.Release|Any CPU.Build.0 = Release|Any CPU
	EndGlobalSection
	GlobalSection(NestedProjects) = preSolution
		{93BD5B68-8A46-41A3-B24A-567BE9769544} = {10EC62BC-7183-4202-88ED-3E112A2B5996}
		{783E6A9B-815F-43E4-8E90-ACF6955A6CF4} = {CDCF4B65-669A-4D4B-BEB3-05859610B64C}
		{30779669-CEC8-4FDD-B627-014E35B1105E} = {CDCF4B65-669A-4D4B-BEB3-05859610B64C}
		{EE46C054-265D-4AD0-8F1B-5296F72CC140} = {CDCF4B65-669A-4D4B-BEB3-05859610B64C}
		{88DCB8A0-6151-460C-B6D1-36F36DAB591D} = {CDCF4B65-669A-4D4B-BEB3-05859610B64C}
		{E7360896-E5A3-46C8-B342-0F78D9655379} = {CDCF4B65-669A-4D4B-BEB3-05859610B64C}
	EndGlobalSection
EndGlobal
